
Microsoft Visual Studio Solution File, Format Version 11.00
# Visual Studio 2010
Project("{FAE04EC0-301F-11D3-BF4B-00C04F79EFBC}") = "ButtonDemo", "ButtonDemo.csproj", "{9ABDF92E-16F8-4050-85AD-73811D0181EB}"
EndProject
Global
	GlobalSection(SolutionConfigurationPlatforms) = preSolution
		Debug|x86 = Debug|x86
		Release|x86 = Release|x86
	EndGlobalSection
	GlobalSection(ProjectConfigurationPlatforms) = postSolution
		{9ABDF92E-16F8-4050-85AD-73811D0181EB}.Debug|x86.ActiveCfg = Debug|x86
		{9ABDF92E-16F8-4050-85AD-73811D0181EB}.Debug|x86.Build.0 = Debug|x86
		{9ABDF92E-16F8-4050-85AD-73811D0181EB}.Release|x86.ActiveCfg = Release|x86
		{9ABDF92E-16F8-4050-85AD-73811D0181EB}.Release|x86.Build.0 = Release|x86
	EndGlobalSection
	GlobalSection(SolutionProperties) = preSolution
		HideSolutionNode = FALSE
	EndGlobalSection
EndGlobal
