
Microsoft Visual Studio Solution File, Format Version 11.00
# Visual Studio 2010
Project("{FAE04EC0-301F-11D3-BF4B-00C04F79EFBC}") = "DBAp3", "DBAp3.csproj", "{EB6D842B-4293-452A-9FB7-ACEC60D99D78}"
EndProject
Global
	GlobalSection(SolutionConfigurationPlatforms) = preSolution
		Debug|x86 = Debug|x86
		Release|x86 = Release|x86
	EndGlobalSection
	GlobalSection(ProjectConfigurationPlatforms) = postSolution
		{EB6D842B-4293-452A-9FB7-ACEC60D99D78}.Debug|x86.ActiveCfg = Debug|x86
		{EB6D842B-4293-452A-9FB7-ACEC60D99D78}.Debug|x86.Build.0 = Debug|x86
		{EB6D842B-4293-452A-9FB7-ACEC60D99D78}.Release|x86.ActiveCfg = Release|x86
		{EB6D842B-4293-452A-9FB7-ACEC60D99D78}.Release|x86.Build.0 = Release|x86
	EndGlobalSection
	GlobalSection(SolutionProperties) = preSolution
		HideSolutionNode = FALSE
	EndGlobalSection
EndGlobal
