
Microsoft Visual Studio Solution File, Format Version 11.00
# Visual Studio 2010
Project("{FAE04EC0-301F-11D3-BF4B-00C04F79EFBC}") = "Linq_to_DataSet1", "Linq_to_DataSet1.csproj", "{712919FF-5B32-47F3-BC92-71E96E3AD027}"
EndProject
Global
	GlobalSection(SolutionConfigurationPlatforms) = preSolution
		Debug|x86 = Debug|x86
		Release|x86 = Release|x86
	EndGlobalSection
	GlobalSection(ProjectConfigurationPlatforms) = postSolution
		{712919FF-5B32-47F3-BC92-71E96E3AD027}.Debug|x86.ActiveCfg = Debug|x86
		{712919FF-5B32-47F3-BC92-71E96E3AD027}.Debug|x86.Build.0 = Debug|x86
		{712919FF-5B32-47F3-BC92-71E96E3AD027}.Release|x86.ActiveCfg = Release|x86
		{712919FF-5B32-47F3-BC92-71E96E3AD027}.Release|x86.Build.0 = Release|x86
	EndGlobalSection
	GlobalSection(SolutionProperties) = preSolution
		HideSolutionNode = FALSE
	EndGlobalSection
EndGlobal
