
Microsoft Visual Studio Solution File, Format Version 11.00
# Visual Studio 2010
Project("{FAE04EC0-301F-11D3-BF4B-00C04F79EFBC}") = "ConsoleMethod2", "ConsoleMethod2.csproj", "{4488DB15-E346-4CA4-B432-2A1B86D4BEB1}"
EndProject
Global
	GlobalSection(SolutionConfigurationPlatforms) = preSolution
		Debug|x86 = Debug|x86
		Release|x86 = Release|x86
	EndGlobalSection
	GlobalSection(ProjectConfigurationPlatforms) = postSolution
		{4488DB15-E346-4CA4-B432-2A1B86D4BEB1}.Debug|x86.ActiveCfg = Debug|x86
		{4488DB15-E346-4CA4-B432-2A1B86D4BEB1}.Debug|x86.Build.0 = Debug|x86
		{4488DB15-E346-4CA4-B432-2A1B86D4BEB1}.Release|x86.ActiveCfg = Release|x86
		{4488DB15-E346-4CA4-B432-2A1B86D4BEB1}.Release|x86.Build.0 = Release|x86
	EndGlobalSection
	GlobalSection(SolutionProperties) = preSolution
		HideSolutionNode = FALSE
	EndGlobalSection
EndGlobal
