
Microsoft Visual Studio Solution File, Format Version 11.00
# Visual Studio 2010
Project("{FAE04EC0-301F-11D3-BF4B-00C04F79EFBC}") = "Structure1", "Structure1.csproj", "{7E008A02-7DD2-4D80-87EE-6C8BC3F0607B}"
EndProject
Global
	GlobalSection(SolutionConfigurationPlatforms) = preSolution
		Debug|x86 = Debug|x86
		Release|x86 = Release|x86
	EndGlobalSection
	GlobalSection(ProjectConfigurationPlatforms) = postSolution
		{7E008A02-7DD2-4D80-87EE-6C8BC3F0607B}.Debug|x86.ActiveCfg = Debug|x86
		{7E008A02-7DD2-4D80-87EE-6C8BC3F0607B}.Debug|x86.Build.0 = Debug|x86
		{7E008A02-7DD2-4D80-87EE-6C8BC3F0607B}.Release|x86.ActiveCfg = Release|x86
		{7E008A02-7DD2-4D80-87EE-6C8BC3F0607B}.Release|x86.Build.0 = Release|x86
	EndGlobalSection
	GlobalSection(SolutionProperties) = preSolution
		HideSolutionNode = FALSE
	EndGlobalSection
EndGlobal
