
Microsoft Visual Studio Solution File, Format Version 11.00
# Visual Studio 2010
Project("{FAE04EC0-301F-11D3-BF4B-00C04F79EFBC}") = "ThrowDemo", "ThrowDemo.csproj", "{79F09858-4246-4588-827B-076FEE0382C7}"
EndProject
Global
	GlobalSection(SolutionConfigurationPlatforms) = preSolution
		Debug|x86 = Debug|x86
		Release|x86 = Release|x86
	EndGlobalSection
	GlobalSection(ProjectConfigurationPlatforms) = postSolution
		{79F09858-4246-4588-827B-076FEE0382C7}.Debug|x86.ActiveCfg = Debug|x86
		{79F09858-4246-4588-827B-076FEE0382C7}.Debug|x86.Build.0 = Debug|x86
		{79F09858-4246-4588-827B-076FEE0382C7}.Release|x86.ActiveCfg = Release|x86
		{79F09858-4246-4588-827B-076FEE0382C7}.Release|x86.Build.0 = Release|x86
	EndGlobalSection
	GlobalSection(SolutionProperties) = preSolution
		HideSolutionNode = FALSE
	EndGlobalSection
EndGlobal
